{
  "name": "plottr",
  "lockfileVersion": 3,
  "requires": true,
  "packages": {
    "": {
      "dependencies": {
        "regression": "^2.0.1",
        "svg-builder": "^2.0.0",
        "typescript": "^5.8.3"
      },
      "devDependencies": {
        "@types/node": "^22.15.18"
      }
    },
    "node_modules/@types/node": {
      "version": "22.15.18",
      "resolved": "https://registry.npmjs.org/@types/node/-/node-22.15.18.tgz",
      "integrity": "sha512-v1DKRfUdyW+jJhZNEI1PYy29S2YRxMV5AOO/x/SjKmW0acCIOqmbj6Haf9eHAhsPmrhlHSxEhv/1WszcLWV4cg==",
      "dev": true,
      "license": "MIT",
      "dependencies": {
        "undici-types": "~6.21.0"
      }
    },
    "node_modules/regression": {
      "version": "2.0.1",
      "resolved": "https://registry.npmjs.org/regression/-/regression-2.0.1.tgz",
      "integrity": "sha512-A4XYsc37dsBaNOgEjkJKzfJlE394IMmUPlI/p3TTI9u3T+2a+eox5Pr/CPUqF0eszeWZJPAc6QkroAhuUpWDJQ==",
      "license": "MIT"
    },
    "node_modules/svg-builder": {
      "version": "2.0.0",
      "resolved": "https://registry.npmjs.org/svg-builder/-/svg-builder-2.0.0.tgz",
      "integrity": "sha512-v89FptvyrOy1Gf9KPkIo2jxroCLEZLiGBRTSutL3pzqZe2xnCFltkCLnEjV8QOEJ99PzBa9NGPGEDP9l8MWIrw==",
      "license": "MIT"
    },
    "node_modules/typescript": {
      "version": "5.8.3",
      "resolved": "https://registry.npmjs.org/typescript/-/typescript-5.8.3.tgz",
      "integrity": "sha512-p1diW6TqL9L07nNxvRMM7hMMw4c5XOo/1ibL4aAIGmSAt9slTE1Xgw5KWuof2uTOvCg9BY7ZRi+GaF+7sfgPeQ==",
      "license": "Apache-2.0",
      "bin": {
        "tsc": "bin/tsc",
        "tsserver": "bin/tsserver"
      },
      "engines": {
        "node": ">=14.17"
      }
    },
    "node_modules/undici-types": {
      "version": "6.21.0",
      "resolved": "https://registry.npmjs.org/undici-types/-/undici-types-6.21.0.tgz",
      "integrity": "sha512-iwDZqg0QAGrg9Rav5H4n0M64c3mkR59cJ6wQp+7C4nI0gsmExaedaYLNO44eT4AtBBwjbTiGPMlt2Md0T9H9JQ==",
      "dev": true,
      "license": "MIT"
    }
  }
}
